{
  "name": "nodejs_cli_template",
  "version": "1.0.0",
  "lockfileVersion": 1,
  "requires": true,
  "dependencies": {
    "dygraphs": {
      "version": "1.1.1",
      "resolved": "https://registry.npmjs.org/dygraphs/-/dygraphs-1.1.1.tgz",
      "integrity": "sha1-2qs+J3+LLE1t0Ztsi6/m0BYKPE4="
    },
    "node-scatterplot": {
      "version": "1.0.0",
      "resolved": "https://registry.npmjs.org/node-scatterplot/-/node-scatterplot-1.0.0.tgz",
      "integrity": "sha1-xJEQKaelcT9Is+RZgXjOwT4z1xg=",
      "requires": {
        "dygraphs": "^1.1.1",
        "opener": "^1.4.2"
      }
    },
    "opener": {
      "version": "1.5.1",
      "resolved": "https://registry.npmjs.org/opener/-/opener-1.5.1.tgz",
      "integrity": "sha512-goYSy5c2UXE4Ra1xixabeVh1guIX/ZV/YokJksb6q2lubWu6UbvPQ20p542/sFIll1nl8JnCyK9oBaOcCWXwvA=="
    }
  }
}
